
Microsoft Visual Studio Solution File, Format Version 12.00
# Visual Studio Version 17
VisualStudioVersion = 17.7.34031.279
MinimumVisualStudioVersion = 10.0.40219.1
Project("{9A19103F-16F7-4668-BE54-9A1E7A4F7556}") = "Block_Matrix_Prj", "Block_Matrix_Prj.csproj", "{FBFE441D-2CE2-4609-8450-1E38883AD80B}"
EndProject
Project("{FAE04EC0-301F-11D3-BF4B-00C04F79EFBC}") = "TestBlockMatrix", "..\TestBlockMatrix\TestBlockMatrix.csproj", "{2B2ACC14-CE1D-4D83-A861-660177204113}"
EndProject
Global
	GlobalSection(SolutionConfigurationPlatforms) = preSolution
		Debug|Any CPU = Debug|Any CPU
		Release|Any CPU = Release|Any CPU
	EndGlobalSection
	GlobalSection(ProjectConfigurationPlatforms) = postSolution
		{FBFE441D-2CE2-4609-8450-1E38883AD80B}.Debug|Any CPU.ActiveCfg = Debug|Any CPU
		{FBFE441D-2CE2-4609-8450-1E38883AD80B}.Debug|Any CPU.Build.0 = Debug|Any CPU
		{FBFE441D-2CE2-4609-8450-1E38883AD80B}.Release|Any CPU.ActiveCfg = Release|Any CPU
		{FBFE441D-2CE2-4609-8450-1E38883AD80B}.Release|Any CPU.Build.0 = Release|Any CPU
		{2B2ACC14-CE1D-4D83-A861-660177204113}.Debug|Any CPU.ActiveCfg = Debug|Any CPU
		{2B2ACC14-CE1D-4D83-A861-660177204113}.Debug|Any CPU.Build.0 = Debug|Any CPU
		{2B2ACC14-CE1D-4D83-A861-660177204113}.Release|Any CPU.ActiveCfg = Release|Any CPU
		{2B2ACC14-CE1D-4D83-A861-660177204113}.Release|Any CPU.Build.0 = Release|Any CPU
	EndGlobalSection
	GlobalSection(SolutionProperties) = preSolution
		HideSolutionNode = FALSE
	EndGlobalSection
	GlobalSection(ExtensibilityGlobals) = postSolution
		SolutionGuid = {FB90F475-33F5-4B13-8984-125347F15BFA}
	EndGlobalSection
EndGlobal
